
Microsoft Visual Studio Solution File, Format Version 12.00
# Visual Studio Version 16
VisualStudioVersion = 16.0.31313.79
MinimumVisualStudioVersion = 10.0.40219.1
Project("{FAE04EC0-301F-11D3-BF4B-00C04F79EFBC}") = "SoldMachine.UWP", "SoldMachine\SoldMachine.UWP\SoldMachine.UWP.csproj", "{E18FF306-6FF6-412D-84EE-54F2C29B8B40}"
EndProject
Project("{FAE04EC0-301F-11D3-BF4B-00C04F79EFBC}") = "SoldMachine.Android", "SoldMachine\SoldMachine.Android\SoldMachine.Android.csproj", "{BF249A8B-1F97-478B-8E62-0F37EF3F9B4D}"
EndProject
Project("{FAE04EC0-301F-11D3-BF4B-00C04F79EFBC}") = "SoldMachine.iOS", "SoldMachine\SoldMachine.iOS\SoldMachine.iOS.csproj", "{DE373B16-4895-42A0-A6ED-8256AB4F2F2B}"
EndProject
Project("{FAE04EC0-301F-11D3-BF4B-00C04F79EFBC}") = "SoldMachine", "SoldMachine\SoldMachine\SoldMachine.csproj", "{478D04C2-2508-4DF2-8B78-FB0F9BBF8909}"
EndProject
Global
	GlobalSection(SolutionConfigurationPlatforms) = preSolution
		Debug|Any CPU = Debug|Any CPU
		Debug|ARM = Debug|ARM
		Debug|iPhone = Debug|iPhone
		Debug|iPhoneSimulator = Debug|iPhoneSimulator
		Debug|x64 = Debug|x64
		Debug|x86 = Debug|x86
		Release|Any CPU = Release|Any CPU
		Release|ARM = Release|ARM
		Release|iPhone = Release|iPhone
		Release|iPhoneSimulator = Release|iPhoneSimulator
		Release|x64 = Release|x64
		Release|x86 = Release|x86
	EndGlobalSection
	GlobalSection(ProjectConfigurationPlatforms) = postSolution
		{E18FF306-6FF6-412D-84EE-54F2C29B8B40}.Debug|Any CPU.ActiveCfg = Debug|x86
		{E18FF306-6FF6-412D-84EE-54F2C29B8B40}.Debug|Any CPU.Build.0 = Debug|x86
		{E18FF306-6FF6-412D-84EE-54F2C29B8B40}.Debug|Any CPU.Deploy.0 = Debug|x86
		{E18FF306-6FF6-412D-84EE-54F2C29B8B40}.Debug|ARM.ActiveCfg = Debug|ARM
		{E18FF306-6FF6-412D-84EE-54F2C29B8B40}.Debug|ARM.Build.0 = Debug|ARM
		{E18FF306-6FF6-412D-84EE-54F2C29B8B40}.Debug|ARM.Deploy.0 = Debug|ARM
		{E18FF306-6FF6-412D-84EE-54F2C29B8B40}.Debug|iPhone.ActiveCfg = Debug|x86
		{E18FF306-6FF6-412D-84EE-54F2C29B8B40}.Debug|iPhone.Build.0 = Debug|x86
		{E18FF306-6FF6-412D-84EE-54F2C29B8B40}.Debug|iPhone.Deploy.0 = Debug|x86
		{E18FF306-6FF6-412D-84EE-54F2C29B8B40}.Debug|iPhoneSimulator.ActiveCfg = Debug|x86
		{E18FF306-6FF6-412D-84EE-54F2C29B8B40}.Debug|iPhoneSimulator.Build.0 = Debug|x86
		{E18FF306-6FF6-412D-84EE-54F2C29B8B40}.Debug|iPhoneSimulator.Deploy.0 = Debug|x86
		{E18FF306-6FF6-412D-84EE-54F2C29B8B40}.Debug|x64.ActiveCfg = Debug|x64
		{E18FF306-6FF6-412D-84EE-54F2C29B8B40}.Debug|x64.Build.0 = Debug|x64
		{E18FF306-6FF6-412D-84EE-54F2C29B8B40}.Debug|x64.Deploy.0 = Debug|x64
		{E18FF306-6FF6-412D-84EE-54F2C29B8B40}.Debug|x86.ActiveCfg = Debug|x86
		{E18FF306-6FF6-412D-84EE-54F2C29B8B40}.Debug|x86.Build.0 = Debug|x86
		{E18FF306-6FF6-412D-84EE-54F2C29B8B40}.Debug|x86.Deploy.0 = Debug|x86
		{E18FF306-6FF6-412D-84EE-54F2C29B8B40}.Release|Any CPU.ActiveCfg = Release|x86
		{E18FF306-6FF6-412D-84EE-54F2C29B8B40}.Release|Any CPU.Build.0 = Release|x86
		{E18FF306-6FF6-412D-84EE-54F2C29B8B40}.Release|Any CPU.Deploy.0 = Release|x86
		{E18FF306-6FF6-412D-84EE-54F2C29B8B40}.Release|ARM.ActiveCfg = Release|ARM
		{E18FF306-6FF6-412D-84EE-54F2C29B8B40}.Release|ARM.Build.0 = Release|ARM
		{E18FF306-6FF6-412D-84EE-54F2C29B8B40}.Release|ARM.Deploy.0 = Release|ARM
		{E18FF306-6FF6-412D-84EE-54F2C29B8B40}.Release|iPhone.ActiveCfg = Release|x86
		{E18FF306-6FF6-412D-84EE-54F2C29B8B40}.Release|iPhone.Build.0 = Release|x86
		{E18FF306-6FF6-412D-84EE-54F2C29B8B40}.Release|iPhone.Deploy.0 = Release|x86
		{E18FF306-6FF6-412D-84EE-54F2C29B8B40}.Release|iPhoneSimulator.ActiveCfg = Release|x86
		{E18FF306-6FF6-412D-84EE-54F2C29B8B40}.Release|iPhoneSimulator.Build.0 = Release|x86
		{E18FF306-6FF6-412D-84EE-54F2C29B8B40}.Release|iPhoneSimulator.Deploy.0 = Release|x86
		{E18FF306-6FF6-412D-84EE-54F2C29B8B40}.Release|x64.ActiveCfg = Release|x64
		{E18FF306-6FF6-412D-84EE-54F2C29B8B40}.Release|x64.Build.0 = Release|x64
		{E18FF306-6FF6-412D-84EE-54F2C29B8B40}.Release|x64.Deploy.0 = Release|x64
		{E18FF306-6FF6-412D-84EE-54F2C29B8B40}.Release|x86.ActiveCfg = Release|x86
		{E18FF306-6FF6-412D-84EE-54F2C29B8B40}.Release|x86.Build.0 = Release|x86
		{E18FF306-6FF6-412D-84EE-54F2C29B8B40}.Release|x86.Deploy.0 = Release|x86
		{BF249A8B-1F97-478B-8E62-0F37EF3F9B4D}.Debug|Any CPU.ActiveCfg = Debug|Any CPU
		{BF249A8B-1F97-478B-8E62-0F37EF3F9B4D}.Debug|Any CPU.Build.0 = Debug|Any CPU
		{BF249A8B-1F97-478B-8E62-0F37EF3F9B4D}.Debug|Any CPU.Deploy.0 = Debug|Any CPU
		{BF249A8B-1F97-478B-8E62-0F37EF3F9B4D}.Debug|ARM.ActiveCfg = Debug|Any CPU
		{BF249A8B-1F97-478B-8E62-0F37EF3F9B4D}.Debug|ARM.Build.0 = Debug|Any CPU
		{BF249A8B-1F97-478B-8E62-0F37EF3F9B4D}.Debug|ARM.Deploy.0 = Debug|Any CPU
		{BF249A8B-1F97-478B-8E62-0F37EF3F9B4D}.Debug|iPhone.ActiveCfg = Debug|Any CPU
		{BF249A8B-1F97-478B-8E62-0F37EF3F9B4D}.Debug|iPhone.Build.0 = Debug|Any CPU
		{BF249A8B-1F97-478B-8E62-0F37EF3F9B4D}.Debug|iPhone.Deploy.0 = Debug|Any CPU
		{BF249A8B-1F97-478B-8E62-0F37EF3F9B4D}.Debug|iPhoneSimulator.ActiveCfg = Debug|Any CPU
		{BF249A8B-1F97-478B-8E62-0F37EF3F9B4D}.Debug|iPhoneSimulator.Build.0 = Debug|Any CPU
		{BF249A8B-1F97-478B-8E62-0F37EF3F9B4D}.Debug|iPhoneSimulator.Deploy.0 = Debug|Any CPU
		{BF249A8B-1F97-478B-8E62-0F37EF3F9B4D}.Debug|x64.ActiveCfg = Debug|Any CPU
		{BF249A8B-1F97-478B-8E62-0F37EF3F9B4D}.Debug|x64.Build.0 = Debug|Any CPU
		{BF249A8B-1F97-478B-8E62-0F37EF3F9B4D}.Debug|x64.Deploy.0 = Debug|Any CPU
		{BF249A8B-1F97-478B-8E62-0F37EF3F9B4D}.Debug|x86.ActiveCfg = Debug|Any CPU
		{BF249A8B-1F97-478B-8E62-0F37EF3F9B4D}.Debug|x86.Build.0 = Debug|Any CPU
		{BF249A8B-1F97-478B-8E62-0F37EF3F9B4D}.Debug|x86.Deploy.0 = Debug|Any CPU
		{BF249A8B-1F97-478B-8E62-0F37EF3F9B4D}.Release|Any CPU.ActiveCfg = Release|Any CPU
		{BF249A8B-1F97-478B-8E62-0F37EF3F9B4D}.Release|Any CPU.Build.0 = Release|Any CPU
		{BF249A8B-1F97-478B-8E62-0F37EF3F9B4D}.Release|Any CPU.Deploy.0 = Release|Any CPU
		{BF249A8B-1F97-478B-8E62-0F37EF3F9B4D}.Release|ARM.ActiveCfg = Release|Any CPU
		{BF249A8B-1F97-478B-8E62-0F37EF3F9B4D}.Release|ARM.Build.0 = Release|Any CPU
		{BF249A8B-1F97-478B-8E62-0F37EF3F9B4D}.Release|ARM.Deploy.0 = Release|Any CPU
		{BF249A8B-1F97-478B-8E62-0F37EF3F9B4D}.Release|iPhone.ActiveCfg = Release|Any CPU
		{BF249A8B-1F97-478B-8E62-0F37EF3F9B4D}.Release|iPhone.Build.0 = Release|Any CPU
		{BF249A8B-1F97-478B-8E62-0F37EF3F9B4D}.Release|iPhone.Deploy.0 = Release|Any CPU
		{BF249A8B-1F97-478B-8E62-0F37EF3F9B4D}.Release|iPhoneSimulator.ActiveCfg = Release|Any CPU
		{BF249A8B-1F97-478B-8E62-0F37EF3F9B4D}.Release|iPhoneSimulator.Build.0 = Release|Any CPU
		{BF249A8B-1F97-478B-8E62-0F37EF3F9B4D}.Release|iPhoneSimulator.Deploy.0 = Release|Any CPU
		{BF249A8B-1F97-478B-8E62-0F37EF3F9B4D}.Release|x64.ActiveCfg = Release|Any CPU
		{BF249A8B-1F97-478B-8E62-0F37EF3F9B4D}.Release|x64.Build.0 = Release|Any CPU
		{BF249A8B-1F97-478B-8E62-0F37EF3F9B4D}.Release|x64.Deploy.0 = Release|Any CPU
		{BF249A8B-1F97-478B-8E62-0F37EF3F9B4D}.Release|x86.ActiveCfg = Release|Any CPU
		{BF249A8B-1F97-478B-8E62-0F37EF3F9B4D}.Release|x86.Build.0 = Release|Any CPU
		{BF249A8B-1F97-478B-8E62-0F37EF3F9B4D}.Release|x86.Deploy.0 = Release|Any CPU
		{DE373B16-4895-42A0-A6ED-8256AB4F2F2B}.Debug|Any CPU.ActiveCfg = Debug|iPhoneSimulator
		{DE373B16-4895-42A0-A6ED-8256AB4F2F2B}.Debug|Any CPU.Build.0 = Debug|iPhoneSimulator
		{DE373B16-4895-42A0-A6ED-8256AB4F2F2B}.Debug|Any CPU.Deploy.0 = Debug|iPhoneSimulator
		{DE373B16-4895-42A0-A6ED-8256AB4F2F2B}.Debug|ARM.ActiveCfg = Debug|iPhone
		{DE373B16-4895-42A0-A6ED-8256AB4F2F2B}.Debug|ARM.Build.0 = Debug|iPhone
		{DE373B16-4895-42A0-A6ED-8256AB4F2F2B}.Debug|ARM.Deploy.0 = Debug|iPhone
		{DE373B16-4895-42A0-A6ED-8256AB4F2F2B}.Debug|iPhone.ActiveCfg = Debug|iPhone
		{DE373B16-4895-42A0-A6ED-8256AB4F2F2B}.Debug|iPhone.Build.0 = Debug|iPhone
		{DE373B16-4895-42A0-A6ED-8256AB4F2F2B}.Debug|iPhone.Deploy.0 = Debug|iPhone
		{DE373B16-4895-42A0-A6ED-8256AB4F2F2B}.Debug|iPhoneSimulator.ActiveCfg = Debug|iPhoneSimulator
		{DE373B16-4895-42A0-A6ED-8256AB4F2F2B}.Debug|iPhoneSimulator.Build.0 = Debug|iPhoneSimulator
		{DE373B16-4895-42A0-A6ED-8256AB4F2F2B}.Debug|iPhoneSimulator.Deploy.0 = Debug|iPhoneSimulator
		{DE373B16-4895-42A0-A6ED-8256AB4F2F2B}.Debug|x64.ActiveCfg = Debug|iPhoneSimulator
		{DE373B16-4895-42A0-A6ED-8256AB4F2F2B}.Debug|x64.Build.0 = Debug|iPhoneSimulator
		{DE373B16-4895-42A0-A6ED-8256AB4F2F2B}.Debug|x64.Deploy.0 = Debug|iPhoneSimulator
		{DE373B16-4895-42A0-A6ED-8256AB4F2F2B}.Debug|x86.ActiveCfg = Debug|iPhoneSimulator
		{DE373B16-4895-42A0-A6ED-8256AB4F2F2B}.Debug|x86.Build.0 = Debug|iPhoneSimulator
		{DE373B16-4895-42A0-A6ED-8256AB4F2F2B}.Debug|x86.Deploy.0 = Debug|iPhoneSimulator
		{DE373B16-4895-42A0-A6ED-8256AB4F2F2B}.Release|Any CPU.ActiveCfg = Release|iPhoneSimulator
		{DE373B16-4895-42A0-A6ED-8256AB4F2F2B}.Release|Any CPU.Build.0 = Release|iPhoneSimulator
		{DE373B16-4895-42A0-A6ED-8256AB4F2F2B}.Release|Any CPU.Deploy.0 = Release|iPhoneSimulator
		{DE373B16-4895-42A0-A6ED-8256AB4F2F2B}.Release|ARM.ActiveCfg = Release|iPhoneSimulator
		{DE373B16-4895-42A0-A6ED-8256AB4F2F2B}.Release|ARM.Build.0 = Release|iPhoneSimulator
		{DE373B16-4895-42A0-A6ED-8256AB4F2F2B}.Release|ARM.Deploy.0 = Release|iPhoneSimulator
		{DE373B16-4895-42A0-A6ED-8256AB4F2F2B}.Release|iPhone.ActiveCfg = Release|iPhone
		{DE373B16-4895-42A0-A6ED-8256AB4F2F2B}.Release|iPhone.Build.0 = Release|iPhone
		{DE373B16-4895-42A0-A6ED-8256AB4F2F2B}.Release|iPhone.Deploy.0 = Release|iPhone
		{DE373B16-4895-42A0-A6ED-8256AB4F2F2B}.Release|iPhoneSimulator.ActiveCfg = Release|iPhoneSimulator
		{DE373B16-4895-42A0-A6ED-8256AB4F2F2B}.Release|iPhoneSimulator.Build.0 = Release|iPhoneSimulator
		{DE373B16-4895-42A0-A6ED-8256AB4F2F2B}.Release|iPhoneSimulator.Deploy.0 = Release|iPhoneSimulator
		{DE373B16-4895-42A0-A6ED-8256AB4F2F2B}.Release|x64.ActiveCfg = Release|iPhoneSimulator
		{DE373B16-4895-42A0-A6ED-8256AB4F2F2B}.Release|x64.Build.0 = Release|iPhoneSimulator
		{DE373B16-4895-42A0-A6ED-8256AB4F2F2B}.Release|x64.Deploy.0 = Release|iPhoneSimulator
		{DE373B16-4895-42A0-A6ED-8256AB4F2F2B}.Release|x86.ActiveCfg = Release|iPhoneSimulator
		{DE373B16-4895-42A0-A6ED-8256AB4F2F2B}.Release|x86.Build.0 = Release|iPhoneSimulator
		{DE373B16-4895-42A0-A6ED-8256AB4F2F2B}.Release|x86.Deploy.0 = Release|iPhoneSimulator
		{478D04C2-2508-4DF2-8B78-FB0F9BBF8909}.Debug|Any CPU.ActiveCfg = Debug|Any CPU
		{478D04C2-2508-4DF2-8B78-FB0F9BBF8909}.Debug|Any CPU.Build.0 = Debug|Any CPU
		{478D04C2-2508-4DF2-8B78-FB0F9BBF8909}.Debug|Any CPU.Deploy.0 = Debug|Any CPU
		{478D04C2-2508-4DF2-8B78-FB0F9BBF8909}.Debug|ARM.ActiveCfg = Debug|Any CPU
		{478D04C2-2508-4DF2-8B78-FB0F9BBF8909}.Debug|ARM.Build.0 = Debug|Any CPU
		{478D04C2-2508-4DF2-8B78-FB0F9BBF8909}.Debug|ARM.Deploy.0 = Debug|Any CPU
		{478D04C2-2508-4DF2-8B78-FB0F9BBF8909}.Debug|iPhone.ActiveCfg = Debug|Any CPU
		{478D04C2-2508-4DF2-8B78-FB0F9BBF8909}.Debug|iPhone.Build.0 = Debug|Any CPU
		{478D04C2-2508-4DF2-8B78-FB0F9BBF8909}.Debug|iPhone.Deploy.0 = Debug|Any CPU
		{478D04C2-2508-4DF2-8B78-FB0F9BBF8909}.Debug|iPhoneSimulator.ActiveCfg = Debug|Any CPU
		{478D04C2-2508-4DF2-8B78-FB0F9BBF8909}.Debug|iPhoneSimulator.Build.0 = Debug|Any CPU
		{478D04C2-2508-4DF2-8B78-FB0F9BBF8909}.Debug|iPhoneSimulator.Deploy.0 = Debug|Any CPU
		{478D04C2-2508-4DF2-8B78-FB0F9BBF8909}.Debug|x64.ActiveCfg = Debug|Any CPU
		{478D04C2-2508-4DF2-8B78-FB0F9BBF8909}.Debug|x64.Build.0 = Debug|Any CPU
		{478D04C2-2508-4DF2-8B78-FB0F9BBF8909}.Debug|x64.Deploy.0 = Debug|Any CPU
		{478D04C2-2508-4DF2-8B78-FB0F9BBF8909}.Debug|x86.ActiveCfg = Debug|Any CPU
		{478D04C2-2508-4DF2-8B78-FB0F9BBF8909}.Debug|x86.Build.0 = Debug|Any CPU
		{478D04C2-2508-4DF2-8B78-FB0F9BBF8909}.Debug|x86.Deploy.0 = Debug|Any CPU
		{478D04C2-2508-4DF2-8B78-FB0F9BBF8909}.Release|Any CPU.ActiveCfg = Release|Any CPU
		{478D04C2-2508-4DF2-8B78-FB0F9BBF8909}.Release|Any CPU.Build.0 = Release|Any CPU
		{478D04C2-2508-4DF2-8B78-FB0F9BBF8909}.Release|Any CPU.Deploy.0 = Release|Any CPU
		{478D04C2-2508-4DF2-8B78-FB0F9BBF8909}.Release|ARM.ActiveCfg = Release|Any CPU
		{478D04C2-2508-4DF2-8B78-FB0F9BBF8909}.Release|ARM.Build.0 = Release|Any CPU
		{478D04C2-2508-4DF2-8B78-FB0F9BBF8909}.Release|ARM.Deploy.0 = Release|Any CPU
		{478D04C2-2508-4DF2-8B78-FB0F9BBF8909}.Release|iPhone.ActiveCfg = Release|Any CPU
		{478D04C2-2508-4DF2-8B78-FB0F9BBF8909}.Release|iPhone.Build.0 = Release|Any CPU
		{478D04C2-2508-4DF2-8B78-FB0F9BBF8909}.Release|iPhone.Deploy.0 = Release|Any CPU
		{478D04C2-2508-4DF2-8B78-FB0F9BBF8909}.Release|iPhoneSimulator.ActiveCfg = Release|Any CPU
		{478D04C2-2508-4DF2-8B78-FB0F9BBF8909}.Release|iPhoneSimulator.Build.0 = Release|Any CPU
		{478D04C2-2508-4DF2-8B78-FB0F9BBF8909}.Release|iPhoneSimulator.Deploy.0 = Release|Any CPU
		{478D04C2-2508-4DF2-8B78-FB0F9BBF8909}.Release|x64.ActiveCfg = Release|Any CPU
		{478D04C2-2508-4DF2-8B78-FB0F9BBF8909}.Release|x64.Build.0 = Release|Any CPU
		{478D04C2-2508-4DF2-8B78-FB0F9BBF8909}.Release|x64.Deploy.0 = Release|Any CPU
		{478D04C2-2508-4DF2-8B78-FB0F9BBF8909}.Release|x86.ActiveCfg = Release|Any CPU
		{478D04C2-2508-4DF2-8B78-FB0F9BBF8909}.Release|x86.Build.0 = Release|Any CPU
		{478D04C2-2508-4DF2-8B78-FB0F9BBF8909}.Release|x86.Deploy.0 = Release|Any CPU
	EndGlobalSection
	GlobalSection(SolutionProperties) = preSolution
		HideSolutionNode = FALSE
	EndGlobalSection
	GlobalSection(ExtensibilityGlobals) = postSolution
		SolutionGuid = {55CFBA56-4721-45CD-863A-76A65429C7A3}
	EndGlobalSection
EndGlobal
